// !$*UTF8*$!
{
	archiveVersion = 1;
	classes = {
	};
	objectVersion = 46;
	objects = {

/* Begin PBXBuildFile section */
		AA32AB421CDD9D8D00CD23F9 /* AppDelegate.swift in Sources */ = {isa = PBXBuildFile; fileRef = AA32AB411CDD9D8D00CD23F9 /* AppDelegate.swift */; };
		AA32AB441CDD9D8D00CD23F9 /* ViewController.swift in Sources */ = {isa = PBXBuildFile; fileRef = AA32AB431CDD9D8D00CD23F9 /* ViewController.swift */; };
		AA32AB471CDD9D8D00CD23F9 /* Main.storyboard in Resources */ = {isa = PBXBuildFile; fileRef = AA32AB451CDD9D8D00CD23F9 /* Main.storyboard */; };
		AA32AB491CDD9D8D00CD23F9 /* Assets.xcassets in Resources */ = {isa = PBXBuildFile; fileRef = AA32AB481CDD9D8D00CD23F9 /* Assets.xcassets */; };
		AA32AB4C1CDD9D8D00CD23F9 /* LaunchScreen.storyboard in Resources */ = {isa = PBXBuildFile; fileRef = AA32AB4A1CDD9D8D00CD23F9 /* LaunchScreen.storyboard */; };
		AA32AB571CDD9D8D00CD23F9 /* buttonLightsTests.swift in Sources */ = {isa = PBXBuildFile; fileRef = AA32AB561CDD9D8D00CD23F9 /* buttonLightsTests.swift */; };
		AA32AB621CDD9D8D00CD23F9 /* buttonLightsUITests.swift in Sources */ = {isa = PBXBuildFile; fileRef = AA32AB611CDD9D8D00CD23F9 /* buttonLightsUITests.swift */; };
		AA32AB701CDDC1DB00CD23F9 /* OnOff.swift in Sources */ = {isa = PBXBuildFile; fileRef = AA32AB6F1CDDC1DB00CD23F9 /* OnOff.swift */; };
/* End PBXBuildFile section */

/* Begin PBXContainerItemProxy section */
		AA32AB531CDD9D8D00CD23F9 /* PBXContainerItemProxy */ = {
			isa = PBXContainerItemProxy;
			containerPortal = AA32AB361CDD9D8D00CD23F9 /* Project object */;
			proxyType = 1;
			remoteGlobalIDString = AA32AB3D1CDD9D8D00CD23F9;
			remoteInfo = buttonLights;
		};
		AA32AB5E1CDD9D8D00CD23F9 /* PBXContainerItemProxy */ = {
			isa = PBXContainerItemProxy;
			containerPortal = AA32AB361CDD9D8D00CD23F9 /* Project object */;
			proxyType = 1;
			remoteGlobalIDString = AA32AB3D1CDD9D8D00CD23F9;
			remoteInfo = buttonLights;
		};
/* End PBXContainerItemProxy section */

/* Begin PBXFileReference section */
		AA32AB3E1CDD9D8D00CD23F9 /* buttonLights.app */ = {isa = PBXFileReference; explicitFileType = wrapper.application; includeInIndex = 0; path = buttonLights.app; sourceTree = BUILT_PRODUCTS_DIR; };
		AA32AB411CDD9D8D00CD23F9 /* AppDelegate.swift */ = {isa = PBXFileReference; lastKnownFileType = sourcecode.swift; path = AppDelegate.swift; sourceTree = "<group>"; };
		AA32AB431CDD9D8D00CD23F9 /* ViewController.swift */ = {isa = PBXFileReference; lastKnownFileType = sourcecode.swift; path = ViewController.swift; sourceTree = "<group>"; };
		AA32AB461CDD9D8D00CD23F9 /* Base */ = {isa = PBXFileReference; lastKnownFileType = file.storyboard; name = Base; path = Base.lproj/Main.storyboard; sourceTree = "<group>"; };
		AA32AB481CDD9D8D00CD23F9 /* Assets.xcassets */ = {isa = PBXFileReference; lastKnownFileType = folder.assetcatalog; path = Assets.xcassets; sourceTree = "<group>"; };
		AA32AB4B1CDD9D8D00CD23F9 /* Base */ = {isa = PBXFileReference; lastKnownFileType = file.storyboard; name = Base; path = Base.lproj/LaunchScreen.storyboard; sourceTree = "<group>"; };
		AA32AB4D1CDD9D8D00CD23F9 /* Info.plist */ = {isa = PBXFileReference; lastKnownFileType = text.plist.xml; path = Info.plist; sourceTree = "<group>"; };
		AA32AB521CDD9D8D00CD23F9 /* buttonLightsTests.xctest */ = {isa = PBXFileReference; explicitFileType = wrapper.cfbundle; includeInIndex = 0; path = buttonLightsTests.xctest; sourceTree = BUILT_PRODUCTS_DIR; };
		AA32AB561CDD9D8D00CD23F9 /* buttonLightsTests.swift */ = {isa = PBXFileReference; lastKnownFileType = sourcecode.swift; path = buttonLightsTests.swift; sourceTree = "<group>"; };
		AA32AB581CDD9D8D00CD23F9 /* Info.plist */ = {isa = PBXFileReference; lastKnownFileType = text.plist.xml; path = Info.plist; sourceTree = "<group>"; };
		AA32AB5D1CDD9D8D00CD23F9 /* buttonLightsUITests.xctest */ = {isa = PBXFileReference; explicitFileType = wrapper.cfbundle; includeInIndex = 0; path = buttonLightsUITests.xctest; sourceTree = BUILT_PRODUCTS_DIR; };
		AA32AB611CDD9D8D00CD23F9 /* buttonLightsUITests.swift */ = {isa = PBXFileReference; lastKnownFileType = sourcecode.swift; path = buttonLightsUITests.swift; sourceTree = "<group>"; };
		AA32AB631CDD9D8D00CD23F9 /* Info.plist */ = {isa = PBXFileReference; lastKnownFileType = text.plist.xml; path = Info.plist; sourceTree = "<group>"; };
		AA32AB6F1CDDC1DB00CD23F9 /* OnOff.swift */ = {isa = PBXFileReference; fileEncoding = 4; lastKnownFileType = sourcecode.swift; path = OnOff.swift; sourceTree = "<group>"; };
/* End PBXFileReference section */

/* Begin PBXFrameworksBuildPhase section */
		AA32AB3B1CDD9D8D00CD23F9 /* Frameworks */ = {
			isa = PBXFrameworksBuildPhase;
			buildActionMask = 2147483647;
			files = (
			);
			runOnlyForDeploymentPostprocessing = 0;
		};
		AA32AB4F1CDD9D8D00CD23F9 /* Frameworks */ = {
			isa = PBXFrameworksBuildPhase;
			buildActionMask = 2147483647;
			files = (
			);
			runOnlyForDeploymentPostprocessing = 0;
		};
		AA32AB5A1CDD9D8D00CD23F9 /* Frameworks */ = {
			isa = PBXFrameworksBuildPhase;
			buildActionMask = 2147483647;
			files = (
			);
			runOnlyForDeploymentPostprocessing = 0;
		};
/* End PBXFrameworksBuildPhase section */

/* Begin PBXGroup section */
		AA32AB351CDD9D8D00CD23F9 = {
			isa = PBXGroup;
			children = (
				AA32AB401CDD9D8D00CD23F9 /* buttonLights */,
				AA32AB551CDD9D8D00CD23F9 /* buttonLightsTests */,
				AA32AB601CDD9D8D00CD23F9 /* buttonLightsUITests */,
				AA32AB3F1CDD9D8D00CD23F9 /* Products */,
			);
			sourceTree = "<group>";
		};
		AA32AB3F1CDD9D8D00CD23F9 /* Products */ = {
			isa = PBXGroup;
			children = (
				AA32AB3E1CDD9D8D00CD23F9 /* buttonLights.app */,
				AA32AB521CDD9D8D00CD23F9 /* buttonLightsTests.xctest */,
				AA32AB5D1CDD9D8D00CD23F9 /* buttonLightsUITests.xctest */,
			);
			name = Products;
			sourceTree = "<group>";
		};
		AA32AB401CDD9D8D00CD23F9 /* buttonLights */ = {
			isa = PBXGroup;
			children = (
				AA32AB411CDD9D8D00CD23F9 /* AppDelegate.swift */,
				AA32AB431CDD9D8D00CD23F9 /* ViewController.swift */,
				AA32AB451CDD9D8D00CD23F9 /* Main.storyboard */,
				AA32AB6F1CDDC1DB00CD23F9 /* OnOff.swift */,
				AA32AB481CDD9D8D00CD23F9 /* Assets.xcassets */,
				AA32AB4A1CDD9D8D00CD23F9 /* LaunchScreen.storyboard */,
				AA32AB4D1CDD9D8D00CD23F9 /* Info.plist */,
			);
			path = buttonLights;
			sourceTree = "<group>";
		};
		AA32AB551CDD9D8D00CD23F9 /* buttonLightsTests */ = {
			isa = PBXGroup;
			children = (
				AA32AB561CDD9D8D00CD23F9 /* buttonLightsTests.swift */,
				AA32AB581CDD9D8D00CD23F9 /* Info.plist */,
			);
			path = buttonLightsTests;
			sourceTree = "<group>";
		};
		AA32AB601CDD9D8D00CD23F9 /* buttonLightsUITests */ = {
			isa = PBXGroup;
			children = (
				AA32AB611CDD9D8D00CD23F9 /* buttonLightsUITests.swift */,
				AA32AB631CDD9D8D00CD23F9 /* Info.plist */,
			);
			path = buttonLightsUITests;
			sourceTree = "<group>";
		};
/* End PBXGroup section */

/* Begin PBXNativeTarget section */
		AA32AB3D1CDD9D8D00CD23F9 /* buttonLights */ = {
			isa = PBXNativeTarget;
			buildConfigurationList = AA32AB661CDD9D8D00CD23F9 /* Build configuration list for PBXNativeTarget "buttonLights" */;
			buildPhases = (
				AA32AB3A1CDD9D8D00CD23F9 /* Sources */,
				AA32AB3B1CDD9D8D00CD23F9 /* Frameworks */,
				AA32AB3C1CDD9D8D00CD23F9 /* Resources */,
			);
			buildRules = (
			);
			dependencies = (
			);
			name = buttonLights;
			productName = buttonLights;
			productReference = AA32AB3E1CDD9D8D00CD23F9 /* buttonLights.app */;
			productType = "com.apple.product-type.application";
		};
		AA32AB511CDD9D8D00CD23F9 /* buttonLightsTests */ = {
			isa = PBXNativeTarget;
			buildConfigurationList = AA32AB691CDD9D8D00CD23F9 /* Build configuration list for PBXNativeTarget "buttonLightsTests" */;
			buildPhases = (
				AA32AB4E1CDD9D8D00CD23F9 /* Sources */,
				AA32AB4F1CDD9D8D00CD23F9 /* Frameworks */,
				AA32AB501CDD9D8D00CD23F9 /* Resources */,
			);
			buildRules = (
			);
			dependencies = (
				AA32AB541CDD9D8D00CD23F9 /* PBXTargetDependency */,
			);
			name = buttonLightsTests;
			productName = buttonLightsTests;
			productReference = AA32AB521CDD9D8D00CD23F9 /* buttonLightsTests.xctest */;
			productType = "com.apple.product-type.bundle.unit-test";
		};
		AA32AB5C1CDD9D8D00CD23F9 /* buttonLightsUITests */ = {
			isa = PBXNativeTarget;
			buildConfigurationList = AA32AB6C1CDD9D8D00CD23F9 /* Build configuration list for PBXNativeTarget "buttonLightsUITests" */;
			buildPhases = (
				AA32AB591CDD9D8D00CD23F9 /* Sources */,
				AA32AB5A1CDD9D8D00CD23F9 /* Frameworks */,
				AA32AB5B1CDD9D8D00CD23F9 /* Resources */,
			);
			buildRules = (
			);
			dependencies = (
				AA32AB5F1CDD9D8D00CD23F9 /* PBXTargetDependency */,
			);
			name = buttonLightsUITests;
			productName = buttonLightsUITests;
			productReference = AA32AB5D1CDD9D8D00CD23F9 /* buttonLightsUITests.xctest */;
			productType = "com.apple.product-type.bundle.ui-testing";
		};
/* End PBXNativeTarget section */

/* Begin PBXProject section */
		AA32AB361CDD9D8D00CD23F9 /* Project object */ = {
			isa = PBXProject;
			attributes = {
				LastSwiftUpdateCheck = 0730;
				LastUpgradeCheck = 0810;
				ORGANIZATIONNAME = "Christian McMullin";
				TargetAttributes = {
					AA32AB3D1CDD9D8D00CD23F9 = {
						CreatedOnToolsVersion = 7.3;
						DevelopmentTeam = 5PE67HY7D9;
						LastSwiftMigration = 0810;
					};
					AA32AB511CDD9D8D00CD23F9 = {
						CreatedOnToolsVersion = 7.3;
						LastSwiftMigration = 0810;
						TestTargetID = AA32AB3D1CDD9D8D00CD23F9;
					};
					AA32AB5C1CDD9D8D00CD23F9 = {
						CreatedOnToolsVersion = 7.3;
						LastSwiftMigration = 0810;
						TestTargetID = AA32AB3D1CDD9D8D00CD23F9;
					};
				};
			};
			buildConfigurationList = AA32AB391CDD9D8D00CD23F9 /* Build configuration list for PBXProject "buttonLights" */;
			compatibilityVersion = "Xcode 3.2";
			developmentRegion = English;
			hasScannedForEncodings = 0;
			knownRegions = (
				en,
				Base,
			);
			mainGroup = AA32AB351CDD9D8D00CD23F9;
			productRefGroup = AA32AB3F1CDD9D8D00CD23F9 /* Products */;
			projectDirPath = "";
			projectRoot = "";
			targets = (
				AA32AB3D1CDD9D8D00CD23F9 /* buttonLights */,
				AA32AB511CDD9D8D00CD23F9 /* buttonLightsTests */,
				AA32AB5C1CDD9D8D00CD23F9 /* buttonLightsUITests */,
			);
		};
/* End PBXProject section */

/* Begin PBXResourcesBuildPhase section */
		AA32AB3C1CDD9D8D00CD23F9 /* Resources */ = {
			isa = PBXResourcesBuildPhase;
			buildActionMask = 2147483647;
			files = (
				AA32AB4C1CDD9D8D00CD23F9 /* LaunchScreen.storyboard in Resources */,
				AA32AB491CDD9D8D00CD23F9 /* Assets.xcassets in Resources */,
				AA32AB471CDD9D8D00CD23F9 /* Main.storyboard in Resources */,
			);
			runOnlyForDeploymentPostprocessing = 0;
		};
		AA32AB501CDD9D8D00CD23F9 /* Resources */ = {
			isa = PBXResourcesBuildPhase;
			buildActionMask = 2147483647;
			files = (
			);
			runOnlyForDeploymentPostprocessing = 0;
		};
		AA32AB5B1CDD9D8D00CD23F9 /* Resources */ = {
			isa = PBXResourcesBuildPhase;
			buildActionMask = 2147483647;
			files = (
			);
			runOnlyForDeploymentPostprocessing = 0;
		};
/* End PBXResourcesBuildPhase section */

/* Begin PBXSourcesBuildPhase section */
		AA32AB3A1CDD9D8D00CD23F9 /* Sources */ = {
			isa = PBXSourcesBuildPhase;
			buildActionMask = 2147483647;
			files = (
				AA32AB441CDD9D8D00CD23F9 /* ViewController.swift in Sources */,
				AA32AB421CDD9D8D00CD23F9 /* AppDelegate.swift in Sources */,
				AA32AB701CDDC1DB00CD23F9 /* OnOff.swift in Sources */,
			);
			runOnlyForDeploymentPostprocessing = 0;
		};
		AA32AB4E1CDD9D8D00CD23F9 /* Sources */ = {
			isa = PBXSourcesBuildPhase;
			buildActionMask = 2147483647;
			files = (
				AA32AB571CDD9D8D00CD23F9 /* buttonLightsTests.swift in Sources */,
			);
			runOnlyForDeploymentPostprocessing = 0;
		};
		AA32AB591CDD9D8D00CD23F9 /* Sources */ = {
			isa = PBXSourcesBuildPhase;
			buildActionMask = 2147483647;
			files = (
				AA32AB621CDD9D8D00CD23F9 /* buttonLightsUITests.swift in Sources */,
			);
			runOnlyForDeploymentPostprocessing = 0;
		};
/* End PBXSourcesBuildPhase section */

/* Begin PBXTargetDependency section */
		AA32AB541CDD9D8D00CD23F9 /* PBXTargetDependency */ = {
			isa = PBXTargetDependency;
			target = AA32AB3D1CDD9D8D00CD23F9 /* buttonLights */;
			targetProxy = AA32AB531CDD9D8D00CD23F9 /* PBXContainerItemProxy */;
		};
		AA32AB5F1CDD9D8D00CD23F9 /* PBXTargetDependency */ = {
			isa = PBXTargetDependency;
			target = AA32AB3D1CDD9D8D00CD23F9 /* buttonLights */;
			targetProxy = AA32AB5E1CDD9D8D00CD23F9 /* PBXContainerItemProxy */;
		};
/* End PBXTargetDependency section */

/* Begin PBXVariantGroup section */
		AA32AB451CDD9D8D00CD23F9 /* Main.storyboard */ = {
			isa = PBXVariantGroup;
			children = (
				AA32AB461CDD9D8D00CD23F9 /* Base */,
			);
			name = Main.storyboard;
			sourceTree = "<group>";
		};
		AA32AB4A1CDD9D8D00CD23F9 /* LaunchScreen.storyboard */ = {
			isa = PBXVariantGroup;
			children = (
				AA32AB4B1CDD9D8D00CD23F9 /* Base */,
			);
			name = LaunchScreen.storyboard;
			sourceTree = "<group>";
		};
/* End PBXVariantGroup section */

/* Begin XCBuildConfiguration section */
		AA32AB641CDD9D8D00CD23F9 /* Debug */ = {
			isa = XCBuildConfiguration;
			buildSettings = {
				ALWAYS_SEARCH_USER_PATHS = NO;
				CLANG_ANALYZER_NONNULL = YES;
				CLANG_CXX_LANGUAGE_STANDARD = "gnu++0x";
				CLANG_CXX_LIBRARY = "libc++";
				CLANG_ENABLE_MODULES = YES;
				CLANG_ENABLE_OBJC_ARC = YES;
				CLANG_WARN_BOOL_CONVERSION = YES;
				CLANG_WARN_CONSTANT_CONVERSION = YES;
				CLANG_WARN_DIRECT_OBJC_ISA_USAGE = YES_ERROR;
				CLANG_WARN_EMPTY_BODY = YES;
				CLANG_WARN_ENUM_CONVERSION = YES;
				CLANG_WARN_INFINITE_RECURSION = YES;
				CLANG_WARN_INT_CONVERSION = YES;
				CLANG_WARN_OBJC_ROOT_CLASS = YES_ERROR;
				CLANG_WARN_SUSPICIOUS_MOVE = YES;
				CLANG_WARN_UNREACHABLE_CODE = YES;
				CLANG_WARN__DUPLICATE_METHOD_MATCH = YES;
				"CODE_SIGN_IDENTITY[sdk=iphoneos*]" = "iPhone Developer";
				COPY_PHASE_STRIP = NO;
				DEBUG_INFORMATION_FORMAT = dwarf;
				ENABLE_STRICT_OBJC_MSGSEND = YES;
				ENABLE_TESTABILITY = YES;
				GCC_C_LANGUAGE_STANDARD = gnu99;
				GCC_DYNAMIC_NO_PIC = NO;
				GCC_NO_COMMON_BLOCKS = YES;
				GCC_OPTIMIZATION_LEVEL = 0;
				GCC_PREPROCESSOR_DEFINITIONS = (
					"DEBUG=1",
					"$(inherited)",
				);
				GCC_WARN_64_TO_32_BIT_CONVERSION = YES;
				GCC_WARN_ABOUT_RETURN_TYPE = YES_ERROR;
				GCC_WARN_UNDECLARED_SELECTOR = YES;
				GCC_WARN_UNINITIALIZED_AUTOS = YES_AGGRESSIVE;
				GCC_WARN_UNUSED_FUNCTION = YES;
				GCC_WARN_UNUSED_VARIABLE = YES;
				IPHONEOS_DEPLOYMENT_TARGET = 10.0;
				MTL_ENABLE_DEBUG_INFO = YES;
				ONLY_ACTIVE_ARCH = YES;
				SDKROOT = iphoneos;
				SWIFT_OPTIMIZATION_LEVEL = "-Onone";
			};
			name = Debug;
		};
		AA32AB651CDD9D8D00CD23F9 /* Release */ = {
			isa = XCBuildConfiguration;
			buildSettings = {
				ALWAYS_SEARCH_USER_PATHS = NO;
				CLANG_ANALYZER_NONNULL = YES;
				CLANG_CXX_LANGUAGE_STANDARD = "gnu++0x";
				CLANG_CXX_LIBRARY = "libc++";
				CLANG_ENABLE_MODULES = YES;
				CLANG_ENABLE_OBJC_ARC = YES;
				CLANG_WARN_BOOL_CONVERSION = YES;
				CLANG_WARN_CONSTANT_CONVERSION = YES;
				CLANG_WARN_DIRECT_OBJC_ISA_USAGE = YES_ERROR;
				CLANG_WARN_EMPTY_BODY = YES;
				CLANG_WARN_ENUM_CONVERSION = YES;
				CLANG_WARN_INFINITE_RECURSION = YES;
				CLANG_WARN_INT_CONVERSION = YES;
				CLANG_WARN_OBJC_ROOT_CLASS = YES_ERROR;
				CLANG_WARN_SUSPICIOUS_MOVE = YES;
				CLANG_WARN_UNREACHABLE_CODE = YES;
				CLANG_WARN__DUPLICATE_METHOD_MATCH = YES;
				"CODE_SIGN_IDENTITY[sdk=iphoneos*]" = "iPhone Developer";
				COPY_PHASE_STRIP = NO;
				DEBUG_INFORMATION_FORMAT = "dwarf-with-dsym";
				ENABLE_NS_ASSERTIONS = NO;
				ENABLE_STRICT_OBJC_MSGSEND = YES;
				GCC_C_LANGUAGE_STANDARD = gnu99;
				GCC_NO_COMMON_BLOCKS = YES;
				GCC_WARN_64_TO_32_BIT_CONVERSION = YES;
				GCC_WARN_ABOUT_RETURN_TYPE = YES_ERROR;
				GCC_WARN_UNDECLARED_SELECTOR = YES;
				GCC_WARN_UNINITIALIZED_AUTOS = YES_AGGRESSIVE;
				GCC_WARN_UNUSED_FUNCTION = YES;
				GCC_WARN_UNUSED_VARIABLE = YES;
				IPHONEOS_DEPLOYMENT_TARGET = 10.0;
				MTL_ENABLE_DEBUG_INFO = NO;
				SDKROOT = iphoneos;
				SWIFT_OPTIMIZATION_LEVEL = "-Owholemodule";
				VALIDATE_PRODUCT = YES;
			};
			name = Release;
		};
		AA32AB671CDD9D8D00CD23F9 /* Debug */ = {
			isa = XCBuildConfiguration;
			buildSettings = {
				ASSETCATALOG_COMPILER_APPICON_NAME = AppIcon;
				CODE_SIGN_IDENTITY = "iPhone Developer";
				"CODE_SIGN_IDENTITY[sdk=iphoneos*]" = "iPhone Developer";
				INFOPLIST_FILE = buttonLights/Info.plist;
				LD_RUNPATH_SEARCH_PATHS = "$(inherited) @executable_path/Frameworks";
				PRODUCT_BUNDLE_IDENTIFIER = com.cms.buttonLights;
				PRODUCT_NAME = "$(TARGET_NAME)";
				PROVISIONING_PROFILE = "";
				SWIFT_VERSION = 3.0;
			};
			name = Debug;
		};
		AA32AB681CDD9D8D00CD23F9 /* Release */ = {
			isa = XCBuildConfiguration;
			buildSettings = {
				ASSETCATALOG_COMPILER_APPICON_NAME = AppIcon;
				CODE_SIGN_IDENTITY = "iPhone Developer";
				"CODE_SIGN_IDENTITY[sdk=iphoneos*]" = "iPhone Developer";
				INFOPLIST_FILE = buttonLights/Info.plist;
				LD_RUNPATH_SEARCH_PATHS = "$(inherited) @executable_path/Frameworks";
				PRODUCT_BUNDLE_IDENTIFIER = com.cms.buttonLights;
				PRODUCT_NAME = "$(TARGET_NAME)";
				PROVISIONING_PROFILE = "";
				SWIFT_VERSION = 3.0;
			};
			name = Release;
		};
		AA32AB6A1CDD9D8D00CD23F9 /* Debug */ = {
			isa = XCBuildConfiguration;
			buildSettings = {
				BUNDLE_LOADER = "$(TEST_HOST)";
				INFOPLIST_FILE = buttonLightsTests/Info.plist;
				LD_RUNPATH_SEARCH_PATHS = "$(inherited) @executable_path/Frameworks @loader_path/Frameworks";
				PRODUCT_BUNDLE_IDENTIFIER = com.cms.buttonLightsTests;
				PRODUCT_NAME = "$(TARGET_NAME)";
				SWIFT_VERSION = 3.0;
				TEST_HOST = "$(BUILT_PRODUCTS_DIR)/buttonLights.app/buttonLights";
			};
			name = Debug;
		};
		AA32AB6B1CDD9D8D00CD23F9 /* Release */ = {
			isa = XCBuildConfiguration;
			buildSettings = {
				BUNDLE_LOADER = "$(TEST_HOST)";
				INFOPLIST_FILE = buttonLightsTests/Info.plist;
				LD_RUNPATH_SEARCH_PATHS = "$(inherited) @executable_path/Frameworks @loader_path/Frameworks";
				PRODUCT_BUNDLE_IDENTIFIER = com.cms.buttonLightsTests;
				PRODUCT_NAME = "$(TARGET_NAME)";
				SWIFT_VERSION = 3.0;
				TEST_HOST = "$(BUILT_PRODUCTS_DIR)/buttonLights.app/buttonLights";
			};
			name = Release;
		};
		AA32AB6D1CDD9D8D00CD23F9 /* Debug */ = {
			isa = XCBuildConfiguration;
			buildSettings = {
				INFOPLIST_FILE = buttonLightsUITests/Info.plist;
				LD_RUNPATH_SEARCH_PATHS = "$(inherited) @executable_path/Frameworks @loader_path/Frameworks";
				PRODUCT_BUNDLE_IDENTIFIER = com.cms.buttonLightsUITests;
				PRODUCT_NAME = "$(TARGET_NAME)";
				SWIFT_VERSION = 3.0;
				TEST_TARGET_NAME = buttonLights;
			};
			name = Debug;
		};
		AA32AB6E1CDD9D8D00CD23F9 /* Release */ = {
			isa = XCBuildConfiguration;
			buildSettings = {
				INFOPLIST_FILE = buttonLightsUITests/Info.plist;
				LD_RUNPATH_SEARCH_PATHS = "$(inherited) @executable_path/Frameworks @loader_path/Frameworks";
				PRODUCT_BUNDLE_IDENTIFIER = com.cms.buttonLightsUITests;
				PRODUCT_NAME = "$(TARGET_NAME)";
				SWIFT_VERSION = 3.0;
				TEST_TARGET_NAME = buttonLights;
			};
			name = Release;
		};
/* End XCBuildConfiguration section */

/* Begin XCConfigurationList section */
		AA32AB391CDD9D8D00CD23F9 /* Build configuration list for PBXProject "buttonLights" */ = {
			isa = XCConfigurationList;
			buildConfigurations = (
				AA32AB641CDD9D8D00CD23F9 /* Debug */,
				AA32AB651CDD9D8D00CD23F9 /* Release */,
			);
			defaultConfigurationIsVisible = 0;
			defaultConfigurationName = Release;
		};
		AA32AB661CDD9D8D00CD23F9 /* Build configuration list for PBXNativeTarget "buttonLights" */ = {
			isa = XCConfigurationList;
			buildConfigurations = (
				AA32AB671CDD9D8D00CD23F9 /* Debug */,
				AA32AB681CDD9D8D00CD23F9 /* Release */,
			);
			defaultConfigurationIsVisible = 0;
			defaultConfigurationName = Release;
		};
		AA32AB691CDD9D8D00CD23F9 /* Build configuration list for PBXNativeTarget "buttonLightsTests" */ = {
			isa = XCConfigurationList;
			buildConfigurations = (
				AA32AB6A1CDD9D8D00CD23F9 /* Debug */,
				AA32AB6B1CDD9D8D00CD23F9 /* Release */,
			);
			defaultConfigurationIsVisible = 0;
			defaultConfigurationName = Release;
		};
		AA32AB6C1CDD9D8D00CD23F9 /* Build configuration list for PBXNativeTarget "buttonLightsUITests" */ = {
			isa = XCConfigurationList;
			buildConfigurations = (
				AA32AB6D1CDD9D8D00CD23F9 /* Debug */,
				AA32AB6E1CDD9D8D00CD23F9 /* Release */,
			);
			defaultConfigurationIsVisible = 0;
			defaultConfigurationName = Release;
		};
/* End XCConfigurationList section */
	};
	rootObject = AA32AB361CDD9D8D00CD23F9 /* Project object */;
}
